// !$*UTF8*$!
{
	archiveVersion = 1;
	classes = {
	};
	objectVersion = 46;
	objects = {

/* Begin PBXBuildFile section */
		BE2C63B818335BAE002C5976 /* AFHTTPClient.m in Sources */ = {isa = PBXBuildFile; fileRef = BE2C63A618335BAE002C5976 /* AFHTTPClient.m */; };
		BE2C63B918335BAE002C5976 /* AFHTTPRequestOperation.m in Sources */ = {isa = PBXBuildFile; fileRef = BE2C63A818335BAE002C5976 /* AFHTTPRequestOperation.m */; };
		BE2C63BA18335BAE002C5976 /* AFImageRequestOperation.m in Sources */ = {isa = PBXBuildFile; fileRef = BE2C63AA18335BAE002C5976 /* AFImageRequestOperation.m */; };
		BE2C63BB18335BAE002C5976 /* AFJSONRequestOperation.m in Sources */ = {isa = PBXBuildFile; fileRef = BE2C63AC18335BAE002C5976 /* AFJSONRequestOperation.m */; };
		BE2C63BC18335BAE002C5976 /* AFNetworkActivityIndicatorManager.m in Sources */ = {isa = PBXBuildFile; fileRef = BE2C63AE18335BAE002C5976 /* AFNetworkActivityIndicatorManager.m */; };
		BE2C63BD18335BAE002C5976 /* AFPropertyListRequestOperation.m in Sources */ = {isa = PBXBuildFile; fileRef = BE2C63B118335BAE002C5976 /* AFPropertyListRequestOperation.m */; };
		BE2C63BE18335BAE002C5976 /* AFURLConnectionOperation.m in Sources */ = {isa = PBXBuildFile; fileRef = BE2C63B318335BAE002C5976 /* AFURLConnectionOperation.m */; };
		BE2C63BF18335BAE002C5976 /* AFXMLRequestOperation.m in Sources */ = {isa = PBXBuildFile; fileRef = BE2C63B518335BAE002C5976 /* AFXMLRequestOperation.m */; };
		BE2C63C018335BAE002C5976 /* UIImageView+AFNetworking.m in Sources */ = {isa = PBXBuildFile; fileRef = BE2C63B718335BAE002C5976 /* UIImageView+AFNetworking.m */; };
		BE2C63C518335C35002C5976 /* ARNetworkManagment.m in Sources */ = {isa = PBXBuildFile; fileRef = BE2C63C418335C35002C5976 /* ARNetworkManagment.m */; };
		BE2C63C818335C44002C5976 /* ARFindPosition.m in Sources */ = {isa = PBXBuildFile; fileRef = BE2C63C718335C44002C5976 /* ARFindPosition.m */; };
		BE5E378618D303130031AC64 /* ARNetworkManagment.m in Sources */ = {isa = PBXBuildFile; fileRef = BE2C63C418335C35002C5976 /* ARNetworkManagment.m */; };
		BE5E378718D303180031AC64 /* ARFindPosition.m in Sources */ = {isa = PBXBuildFile; fileRef = BE2C63C718335C44002C5976 /* ARFindPosition.m */; };
		BE801DFB1837E1110029173E /* ARPosition.m in Sources */ = {isa = PBXBuildFile; fileRef = BE801DFA1837E1110029173E /* ARPosition.m */; };
		BEADF6A61834C08800EAD955 /* MBProgressHUD.m in Sources */ = {isa = PBXBuildFile; fileRef = BEADF6A51834C08800EAD955 /* MBProgressHUD.m */; };
		BEAF49B1183372430008EDDC /* NSString+Extra.m in Sources */ = {isa = PBXBuildFile; fileRef = BEAF49B0183372430008EDDC /* NSString+Extra.m */; };
		BEB5CB821834321A00BA907F /* MNCalendarHeaderView.m in Sources */ = {isa = PBXBuildFile; fileRef = BEB5CB721834321A00BA907F /* MNCalendarHeaderView.m */; };
		BEB5CB831834321A00BA907F /* MNCalendarView.m in Sources */ = {isa = PBXBuildFile; fileRef = BEB5CB751834321A00BA907F /* MNCalendarView.m */; };
		BEB5CB841834321A00BA907F /* MNCalendarViewCell.m in Sources */ = {isa = PBXBuildFile; fileRef = BEB5CB771834321A00BA907F /* MNCalendarViewCell.m */; };
		BEB5CB851834321A00BA907F /* MNCalendarViewDayCell.m in Sources */ = {isa = PBXBuildFile; fileRef = BEB5CB791834321A00BA907F /* MNCalendarViewDayCell.m */; };
		BEB5CB861834321A00BA907F /* MNCalendarViewLayout.m in Sources */ = {isa = PBXBuildFile; fileRef = BEB5CB7B1834321A00BA907F /* MNCalendarViewLayout.m */; };
		BEB5CB871834321A00BA907F /* MNCalendarViewWeekdayCell.m in Sources */ = {isa = PBXBuildFile; fileRef = BEB5CB7D1834321A00BA907F /* MNCalendarViewWeekdayCell.m */; };
		BEB5CB881834321A00BA907F /* MNFastDateEnumeration.m in Sources */ = {isa = PBXBuildFile; fileRef = BEB5CB7F1834321A00BA907F /* MNFastDateEnumeration.m */; };
		BEB5CB891834321A00BA907F /* NSDate+MNAdditions.m in Sources */ = {isa = PBXBuildFile; fileRef = BEB5CB811834321A00BA907F /* NSDate+MNAdditions.m */; };
		BEB5CB8C1834324200BA907F /* ARCalendarViewController.m in Sources */ = {isa = PBXBuildFile; fileRef = BEB5CB8B1834324200BA907F /* ARCalendarViewController.m */; };
		BEC49D7F1832C2A000BA941F /* Foundation.framework in Frameworks */ = {isa = PBXBuildFile; fileRef = BEC49D7E1832C2A000BA941F /* Foundation.framework */; };
		BEC49D811832C2A000BA941F /* CoreGraphics.framework in Frameworks */ = {isa = PBXBuildFile; fileRef = BEC49D801832C2A000BA941F /* CoreGraphics.framework */; };
		BEC49D831832C2A000BA941F /* UIKit.framework in Frameworks */ = {isa = PBXBuildFile; fileRef = BEC49D821832C2A000BA941F /* UIKit.framework */; };
		BEC49D891832C2A000BA941F /* InfoPlist.strings in Resources */ = {isa = PBXBuildFile; fileRef = BEC49D871832C2A000BA941F /* InfoPlist.strings */; };
		BEC49D8B1832C2A100BA941F /* main.m in Sources */ = {isa = PBXBuildFile; fileRef = BEC49D8A1832C2A100BA941F /* main.m */; };
		BEC49D8F1832C2A100BA941F /* ARAppDelegate.m in Sources */ = {isa = PBXBuildFile; fileRef = BEC49D8E1832C2A100BA941F /* ARAppDelegate.m */; };
		BEC49D921832C2A100BA941F /* Main.storyboard in Resources */ = {isa = PBXBuildFile; fileRef = BEC49D901832C2A100BA941F /* Main.storyboard */; };
		BEC49D951832C2A100BA941F /* ARViewController.m in Sources */ = {isa = PBXBuildFile; fileRef = BEC49D941832C2A100BA941F /* ARViewController.m */; };
		BEC49D971832C2A100BA941F /* Images.xcassets in Resources */ = {isa = PBXBuildFile; fileRef = BEC49D961832C2A100BA941F /* Images.xcassets */; };
		BEC49D9E1832C2A100BA941F /* XCTest.framework in Frameworks */ = {isa = PBXBuildFile; fileRef = BEC49D9D1832C2A100BA941F /* XCTest.framework */; };
		BEC49D9F1832C2A100BA941F /* Foundation.framework in Frameworks */ = {isa = PBXBuildFile; fileRef = BEC49D7E1832C2A000BA941F /* Foundation.framework */; };
		BEC49DA01832C2A100BA941F /* UIKit.framework in Frameworks */ = {isa = PBXBuildFile; fileRef = BEC49D821832C2A000BA941F /* UIKit.framework */; };
		BEC49DA81832C2A100BA941F /* InfoPlist.strings in Resources */ = {isa = PBXBuildFile; fileRef = BEC49DA61832C2A100BA941F /* InfoPlist.strings */; };
		BEC49DAA1832C2A100BA941F /* ARRoutePlanTests.m in Sources */ = {isa = PBXBuildFile; fileRef = BEC49DA91832C2A100BA941F /* ARRoutePlanTests.m */; };
		BEC49DBA1832CAFC00BA941F /* ARSearchViewController.m in Sources */ = {isa = PBXBuildFile; fileRef = BEC49DB91832CAFC00BA941F /* ARSearchViewController.m */; };
		BEC49DC01832CB4300BA941F /* ARLocationCell.m in Sources */ = {isa = PBXBuildFile; fileRef = BEC49DBF1832CB4300BA941F /* ARLocationCell.m */; };
		BEC49DC31832CB5300BA941F /* ARDateCell.m in Sources */ = {isa = PBXBuildFile; fileRef = BEC49DC21832CB5300BA941F /* ARDateCell.m */; };
		BEC49DC71832DA7D00BA941F /* ARSearchBar.m in Sources */ = {isa = PBXBuildFile; fileRef = BEC49DC61832DA7D00BA941F /* ARSearchBar.m */; };
		BEC49DCB1832E09100BA941F /* UIControl+MTControl.m in Sources */ = {isa = PBXBuildFile; fileRef = BEC49DCA1832E09100BA941F /* UIControl+MTControl.m */; };
/* End PBXBuildFile section */

/* Begin PBXContainerItemProxy section */
		BEC49DA11832C2A100BA941F /* PBXContainerItemProxy */ = {
			isa = PBXContainerItemProxy;
			containerPortal = BEC49D731832C2A000BA941F /* Project object */;
			proxyType = 1;
			remoteGlobalIDString = BEC49D7A1832C2A000BA941F;
			remoteInfo = ARRoutePlan;
		};
/* End PBXContainerItemProxy section */

/* Begin PBXFileReference section */
		BE2C63A518335BAE002C5976 /* AFHTTPClient.h */ = {isa = PBXFileReference; fileEncoding = 4; lastKnownFileType = sourcecode.c.h; path = AFHTTPClient.h; sourceTree = "<group>"; };
		BE2C63A618335BAE002C5976 /* AFHTTPClient.m */ = {isa = PBXFileReference; fileEncoding = 4; lastKnownFileType = sourcecode.c.objc; path = AFHTTPClient.m; sourceTree = "<group>"; };
		BE2C63A718335BAE002C5976 /* AFHTTPRequestOperation.h */ = {isa = PBXFileReference; fileEncoding = 4; lastKnownFileType = sourcecode.c.h; path = AFHTTPRequestOperation.h; sourceTree = "<group>"; };
		BE2C63A818335BAE002C5976 /* AFHTTPRequestOperation.m */ = {isa = PBXFileReference; fileEncoding = 4; lastKnownFileType = sourcecode.c.objc; path = AFHTTPRequestOperation.m; sourceTree = "<group>"; };
		BE2C63A918335BAE002C5976 /* AFImageRequestOperation.h */ = {isa = PBXFileReference; fileEncoding = 4; lastKnownFileType = sourcecode.c.h; path = AFImageRequestOperation.h; sourceTree = "<group>"; };
		BE2C63AA18335BAE002C5976 /* AFImageRequestOperation.m */ = {isa = PBXFileReference; fileEncoding = 4; lastKnownFileType = sourcecode.c.objc; path = AFImageRequestOperation.m; sourceTree = "<group>"; };
		BE2C63AB18335BAE002C5976 /* AFJSONRequestOperation.h */ = {isa = PBXFileReference; fileEncoding = 4; lastKnownFileType = sourcecode.c.h; path = AFJSONRequestOperation.h; sourceTree = "<group>"; };
		BE2C63AC18335BAE002C5976 /* AFJSONRequestOperation.m */ = {isa = PBXFileReference; fileEncoding = 4; lastKnownFileType = sourcecode.c.objc; path = AFJSONRequestOperation.m; sourceTree = "<group>"; };
		BE2C63AD18335BAE002C5976 /* AFNetworkActivityIndicatorManager.h */ = {isa = PBXFileReference; fileEncoding = 4; lastKnownFileType = sourcecode.c.h; path = AFNetworkActivityIndicatorManager.h; sourceTree = "<group>"; };
		BE2C63AE18335BAE002C5976 /* AFNetworkActivityIndicatorManager.m */ = {isa = PBXFileReference; fileEncoding = 4; lastKnownFileType = sourcecode.c.objc; path = AFNetworkActivityIndicatorManager.m; sourceTree = "<group>"; };
		BE2C63AF18335BAE002C5976 /* AFNetworking.h */ = {isa = PBXFileReference; fileEncoding = 4; lastKnownFileType = sourcecode.c.h; path = AFNetworking.h; sourceTree = "<group>"; };
		BE2C63B018335BAE002C5976 /* AFPropertyListRequestOperation.h */ = {isa = PBXFileReference; fileEncoding = 4; lastKnownFileType = sourcecode.c.h; path = AFPropertyListRequestOperation.h; sourceTree = "<group>"; };
		BE2C63B118335BAE002C5976 /* AFPropertyListRequestOperation.m */ = {isa = PBXFileReference; fileEncoding = 4; lastKnownFileType = sourcecode.c.objc; path = AFPropertyListRequestOperation.m; sourceTree = "<group>"; };
		BE2C63B218335BAE002C5976 /* AFURLConnectionOperation.h */ = {isa = PBXFileReference; fileEncoding = 4; lastKnownFileType = sourcecode.c.h; path = AFURLConnectionOperation.h; sourceTree = "<group>"; };
		BE2C63B318335BAE002C5976 /* AFURLConnectionOperation.m */ = {isa = PBXFileReference; fileEncoding = 4; lastKnownFileType = sourcecode.c.objc; path = AFURLConnectionOperation.m; sourceTree = "<group>"; };
		BE2C63B418335BAE002C5976 /* AFXMLRequestOperation.h */ = {isa = PBXFileReference; fileEncoding = 4; lastKnownFileType = sourcecode.c.h; path = AFXMLRequestOperation.h; sourceTree = "<group>"; };
		BE2C63B518335BAE002C5976 /* AFXMLRequestOperation.m */ = {isa = PBXFileReference; fileEncoding = 4; lastKnownFileType = sourcecode.c.objc; path = AFXMLRequestOperation.m; sourceTree = "<group>"; };
		BE2C63B618335BAE002C5976 /* UIImageView+AFNetworking.h */ = {isa = PBXFileReference; fileEncoding = 4; lastKnownFileType = sourcecode.c.h; path = "UIImageView+AFNetworking.h"; sourceTree = "<group>"; };
		BE2C63B718335BAE002C5976 /* UIImageView+AFNetworking.m */ = {isa = PBXFileReference; fileEncoding = 4; lastKnownFileType = sourcecode.c.objc; path = "UIImageView+AFNetworking.m"; sourceTree = "<group>"; };
		BE2C63C318335C35002C5976 /* ARNetworkManagment.h */ = {isa = PBXFileReference; fileEncoding = 4; lastKnownFileType = sourcecode.c.h; path = ARNetworkManagment.h; sourceTree = "<group>"; };
		BE2C63C418335C35002C5976 /* ARNetworkManagment.m */ = {isa = PBXFileReference; fileEncoding = 4; lastKnownFileType = sourcecode.c.objc; path = ARNetworkManagment.m; sourceTree = "<group>"; };
		BE2C63C618335C44002C5976 /* ARFindPosition.h */ = {isa = PBXFileReference; fileEncoding = 4; lastKnownFileType = sourcecode.c.h; path = ARFindPosition.h; sourceTree = "<group>"; };
		BE2C63C718335C44002C5976 /* ARFindPosition.m */ = {isa = PBXFileReference; fileEncoding = 4; lastKnownFileType = sourcecode.c.objc; path = ARFindPosition.m; sourceTree = "<group>"; };
		BE801DF91837E1110029173E /* ARPosition.h */ = {isa = PBXFileReference; fileEncoding = 4; lastKnownFileType = sourcecode.c.h; path = ARPosition.h; sourceTree = "<group>"; };
		BE801DFA1837E1110029173E /* ARPosition.m */ = {isa = PBXFileReference; fileEncoding = 4; lastKnownFileType = sourcecode.c.objc; path = ARPosition.m; sourceTree = "<group>"; };
		BEADF6A41834C08800EAD955 /* MBProgressHUD.h */ = {isa = PBXFileReference; fileEncoding = 4; lastKnownFileType = sourcecode.c.h; path = MBProgressHUD.h; sourceTree = "<group>"; };
		BEADF6A51834C08800EAD955 /* MBProgressHUD.m */ = {isa = PBXFileReference; fileEncoding = 4; lastKnownFileType = sourcecode.c.objc; path = MBProgressHUD.m; sourceTree = "<group>"; };
		BEAF49AF183372430008EDDC /* NSString+Extra.h */ = {isa = PBXFileReference; fileEncoding = 4; lastKnownFileType = sourcecode.c.h; path = "NSString+Extra.h"; sourceTree = "<group>"; };
		BEAF49B0183372430008EDDC /* NSString+Extra.m */ = {isa = PBXFileReference; fileEncoding = 4; lastKnownFileType = sourcecode.c.objc; path = "NSString+Extra.m"; sourceTree = "<group>"; };
		BEB5CB711834321A00BA907F /* MNCalendarHeaderView.h */ = {isa = PBXFileReference; fileEncoding = 4; lastKnownFileType = sourcecode.c.h; path = MNCalendarHeaderView.h; sourceTree = "<group>"; };
		BEB5CB721834321A00BA907F /* MNCalendarHeaderView.m */ = {isa = PBXFileReference; fileEncoding = 4; lastKnownFileType = sourcecode.c.objc; path = MNCalendarHeaderView.m; sourceTree = "<group>"; };
		BEB5CB731834321A00BA907F /* MNCalendarView-Prefix.pch */ = {isa = PBXFileReference; fileEncoding = 4; lastKnownFileType = sourcecode.c.h; path = "MNCalendarView-Prefix.pch"; sourceTree = "<group>"; };
		BEB5CB741834321A00BA907F /* MNCalendarView.h */ = {isa = PBXFileReference; fileEncoding = 4; lastKnownFileType = sourcecode.c.h; path = MNCalendarView.h; sourceTree = "<group>"; };
		BEB5CB751834321A00BA907F /* MNCalendarView.m */ = {isa = PBXFileReference; fileEncoding = 4; lastKnownFileType = sourcecode.c.objc; path = MNCalendarView.m; sourceTree = "<group>"; };
		BEB5CB761834321A00BA907F /* MNCalendarViewCell.h */ = {isa = PBXFileReference; fileEncoding = 4; lastKnownFileType = sourcecode.c.h; path = MNCalendarViewCell.h; sourceTree = "<group>"; };
		BEB5CB771834321A00BA907F /* MNCalendarViewCell.m */ = {isa = PBXFileReference; fileEncoding = 4; lastKnownFileType = sourcecode.c.objc; path = MNCalendarViewCell.m; sourceTree = "<group>"; };
		BEB5CB781834321A00BA907F /* MNCalendarViewDayCell.h */ = {isa = PBXFileReference; fileEncoding = 4; lastKnownFileType = sourcecode.c.h; path = MNCalendarViewDayCell.h; sourceTree = "<group>"; };
		BEB5CB791834321A00BA907F /* MNCalendarViewDayCell.m */ = {isa = PBXFileReference; fileEncoding = 4; lastKnownFileType = sourcecode.c.objc; path = MNCalendarViewDayCell.m; sourceTree = "<group>"; };
		BEB5CB7A1834321A00BA907F /* MNCalendarViewLayout.h */ = {isa = PBXFileReference; fileEncoding = 4; lastKnownFileType = sourcecode.c.h; path = MNCalendarViewLayout.h; sourceTree = "<group>"; };
		BEB5CB7B1834321A00BA907F /* MNCalendarViewLayout.m */ = {isa = PBXFileReference; fileEncoding = 4; lastKnownFileType = sourcecode.c.objc; path = MNCalendarViewLayout.m; sourceTree = "<group>"; };
		BEB5CB7C1834321A00BA907F /* MNCalendarViewWeekdayCell.h */ = {isa = PBXFileReference; fileEncoding = 4; lastKnownFileType = sourcecode.c.h; path = MNCalendarViewWeekdayCell.h; sourceTree = "<group>"; };
		BEB5CB7D1834321A00BA907F /* MNCalendarViewWeekdayCell.m */ = {isa = PBXFileReference; fileEncoding = 4; lastKnownFileType = sourcecode.c.objc; path = MNCalendarViewWeekdayCell.m; sourceTree = "<group>"; };
		BEB5CB7E1834321A00BA907F /* MNFastDateEnumeration.h */ = {isa = PBXFileReference; fileEncoding = 4; lastKnownFileType = sourcecode.c.h; path = MNFastDateEnumeration.h; sourceTree = "<group>"; };
		BEB5CB7F1834321A00BA907F /* MNFastDateEnumeration.m */ = {isa = PBXFileReference; fileEncoding = 4; lastKnownFileType = sourcecode.c.objc; path = MNFastDateEnumeration.m; sourceTree = "<group>"; };
		BEB5CB801834321A00BA907F /* NSDate+MNAdditions.h */ = {isa = PBXFileReference; fileEncoding = 4; lastKnownFileType = sourcecode.c.h; path = "NSDate+MNAdditions.h"; sourceTree = "<group>"; };
		BEB5CB811834321A00BA907F /* NSDate+MNAdditions.m */ = {isa = PBXFileReference; fileEncoding = 4; lastKnownFileType = sourcecode.c.objc; path = "NSDate+MNAdditions.m"; sourceTree = "<group>"; };
		BEB5CB8A1834324200BA907F /* ARCalendarViewController.h */ = {isa = PBXFileReference; fileEncoding = 4; lastKnownFileType = sourcecode.c.h; path = ARCalendarViewController.h; sourceTree = "<group>"; };
		BEB5CB8B1834324200BA907F /* ARCalendarViewController.m */ = {isa = PBXFileReference; fileEncoding = 4; lastKnownFileType = sourcecode.c.objc; path = ARCalendarViewController.m; sourceTree = "<group>"; };
		BEC49D7B1832C2A000BA941F /* ARRoutePlan.app */ = {isa = PBXFileReference; explicitFileType = wrapper.application; includeInIndex = 0; path = ARRoutePlan.app; sourceTree = BUILT_PRODUCTS_DIR; };
		BEC49D7E1832C2A000BA941F /* Foundation.framework */ = {isa = PBXFileReference; lastKnownFileType = wrapper.framework; name = Foundation.framework; path = System/Library/Frameworks/Foundation.framework; sourceTree = SDKROOT; };
		BEC49D801832C2A000BA941F /* CoreGraphics.framework */ = {isa = PBXFileReference; lastKnownFileType = wrapper.framework; name = CoreGraphics.framework; path = System/Library/Frameworks/CoreGraphics.framework; sourceTree = SDKROOT; };
		BEC49D821832C2A000BA941F /* UIKit.framework */ = {isa = PBXFileReference; lastKnownFileType = wrapper.framework; name = UIKit.framework; path = System/Library/Frameworks/UIKit.framework; sourceTree = SDKROOT; };
		BEC49D861832C2A000BA941F /* ARRoutePlan-Info.plist */ = {isa = PBXFileReference; lastKnownFileType = text.plist.xml; path = "ARRoutePlan-Info.plist"; sourceTree = "<group>"; };
		BEC49D881832C2A000BA941F /* en */ = {isa = PBXFileReference; lastKnownFileType = text.plist.strings; name = en; path = en.lproj/InfoPlist.strings; sourceTree = "<group>"; };
		BEC49D8A1832C2A100BA941F /* main.m */ = {isa = PBXFileReference; lastKnownFileType = sourcecode.c.objc; path = main.m; sourceTree = "<group>"; };
		BEC49D8C1832C2A100BA941F /* ARRoutePlan-Prefix.pch */ = {isa = PBXFileReference; lastKnownFileType = sourcecode.c.h; path = "ARRoutePlan-Prefix.pch"; sourceTree = "<group>"; };
		BEC49D8D1832C2A100BA941F /* ARAppDelegate.h */ = {isa = PBXFileReference; lastKnownFileType = sourcecode.c.h; path = ARAppDelegate.h; sourceTree = "<group>"; };
		BEC49D8E1832C2A100BA941F /* ARAppDelegate.m */ = {isa = PBXFileReference; lastKnownFileType = sourcecode.c.objc; path = ARAppDelegate.m; sourceTree = "<group>"; };
		BEC49D911832C2A100BA941F /* Base */ = {isa = PBXFileReference; lastKnownFileType = file.storyboard; name = Base; path = Base.lproj/Main.storyboard; sourceTree = "<group>"; };
		BEC49D931832C2A100BA941F /* ARViewController.h */ = {isa = PBXFileReference; lastKnownFileType = sourcecode.c.h; path = ARViewController.h; sourceTree = "<group>"; };
		BEC49D941832C2A100BA941F /* ARViewController.m */ = {isa = PBXFileReference; lastKnownFileType = sourcecode.c.objc; path = ARViewController.m; sourceTree = "<group>"; };
		BEC49D961832C2A100BA941F /* Images.xcassets */ = {isa = PBXFileReference; lastKnownFileType = folder.assetcatalog; path = Images.xcassets; sourceTree = "<group>"; };
		BEC49D9C1832C2A100BA941F /* ARRoutePlanTests.xctest */ = {isa = PBXFileReference; explicitFileType = wrapper.cfbundle; includeInIndex = 0; path = ARRoutePlanTests.xctest; sourceTree = BUILT_PRODUCTS_DIR; };
		BEC49D9D1832C2A100BA941F /* XCTest.framework */ = {isa = PBXFileReference; lastKnownFileType = wrapper.framework; name = XCTest.framework; path = Library/Frameworks/XCTest.framework; sourceTree = DEVELOPER_DIR; };
		BEC49DA51832C2A100BA941F /* ARRoutePlanTests-Info.plist */ = {isa = PBXFileReference; lastKnownFileType = text.plist.xml; path = "ARRoutePlanTests-Info.plist"; sourceTree = "<group>"; };
		BEC49DA71832C2A100BA941F /* en */ = {isa = PBXFileReference; lastKnownFileType = text.plist.strings; name = en; path = en.lproj/InfoPlist.strings; sourceTree = "<group>"; };
		BEC49DA91832C2A100BA941F /* ARRoutePlanTests.m */ = {isa = PBXFileReference; lastKnownFileType = sourcecode.c.objc; path = ARRoutePlanTests.m; sourceTree = "<group>"; };
		BEC49DB81832CAFC00BA941F /* ARSearchViewController.h */ = {isa = PBXFileReference; fileEncoding = 4; lastKnownFileType = sourcecode.c.h; path = ARSearchViewController.h; sourceTree = "<group>"; };
		BEC49DB91832CAFC00BA941F /* ARSearchViewController.m */ = {isa = PBXFileReference; fileEncoding = 4; lastKnownFileType = sourcecode.c.objc; path = ARSearchViewController.m; sourceTree = "<group>"; };
		BEC49DBE1832CB4300BA941F /* ARLocationCell.h */ = {isa = PBXFileReference; fileEncoding = 4; lastKnownFileType = sourcecode.c.h; path = ARLocationCell.h; sourceTree = "<group>"; };
		BEC49DBF1832CB4300BA941F /* ARLocationCell.m */ = {isa = PBXFileReference; fileEncoding = 4; lastKnownFileType = sourcecode.c.objc; path = ARLocationCell.m; sourceTree = "<group>"; };
		BEC49DC11832CB5300BA941F /* ARDateCell.h */ = {isa = PBXFileReference; fileEncoding = 4; lastKnownFileType = sourcecode.c.h; path = ARDateCell.h; sourceTree = "<group>"; };
		BEC49DC21832CB5300BA941F /* ARDateCell.m */ = {isa = PBXFileReference; fileEncoding = 4; lastKnownFileType = sourcecode.c.objc; path = ARDateCell.m; sourceTree = "<group>"; };
		BEC49DC51832DA7D00BA941F /* ARSearchBar.h */ = {isa = PBXFileReference; fileEncoding = 4; lastKnownFileType = sourcecode.c.h; path = ARSearchBar.h; sourceTree = "<group>"; };
		BEC49DC61832DA7D00BA941F /* ARSearchBar.m */ = {isa = PBXFileReference; fileEncoding = 4; lastKnownFileType = sourcecode.c.objc; path = ARSearchBar.m; sourceTree = "<group>"; };
		BEC49DC91832E09100BA941F /* UIControl+MTControl.h */ = {isa = PBXFileReference; fileEncoding = 4; lastKnownFileType = sourcecode.c.h; path = "UIControl+MTControl.h"; sourceTree = "<group>"; };
		BEC49DCA1832E09100BA941F /* UIControl+MTControl.m */ = {isa = PBXFileReference; fileEncoding = 4; lastKnownFileType = sourcecode.c.objc; path = "UIControl+MTControl.m"; sourceTree = "<group>"; };
/* End PBXFileReference section */

/* Begin PBXFrameworksBuildPhase section */
		BEC49D781832C2A000BA941F /* Frameworks */ = {
			isa = PBXFrameworksBuildPhase;
			buildActionMask = 2147483647;
			files = (
				BEC49D811832C2A000BA941F /* CoreGraphics.framework in Frameworks */,
				BEC49D831832C2A000BA941F /* UIKit.framework in Frameworks */,
				BEC49D7F1832C2A000BA941F /* Foundation.framework in Frameworks */,
			);
			runOnlyForDeploymentPostprocessing = 0;
		};
		BEC49D991832C2A100BA941F /* Frameworks */ = {
			isa = PBXFrameworksBuildPhase;
			buildActionMask = 2147483647;
			files = (
				BEC49D9E1832C2A100BA941F /* XCTest.framework in Frameworks */,
				BEC49DA01832C2A100BA941F /* UIKit.framework in Frameworks */,
				BEC49D9F1832C2A100BA941F /* Foundation.framework in Frameworks */,
			);
			runOnlyForDeploymentPostprocessing = 0;
		};
/* End PBXFrameworksBuildPhase section */

/* Begin PBXGroup section */
		BE2C63A418335BAE002C5976 /* AFNetworking */ = {
			isa = PBXGroup;
			children = (
				BE2C63A518335BAE002C5976 /* AFHTTPClient.h */,
				BE2C63A618335BAE002C5976 /* AFHTTPClient.m */,
				BE2C63A718335BAE002C5976 /* AFHTTPRequestOperation.h */,
				BE2C63A818335BAE002C5976 /* AFHTTPRequestOperation.m */,
				BE2C63A918335BAE002C5976 /* AFImageRequestOperation.h */,
				BE2C63AA18335BAE002C5976 /* AFImageRequestOperation.m */,
				BE2C63AB18335BAE002C5976 /* AFJSONRequestOperation.h */,
				BE2C63AC18335BAE002C5976 /* AFJSONRequestOperation.m */,
				BE2C63AD18335BAE002C5976 /* AFNetworkActivityIndicatorManager.h */,
				BE2C63AE18335BAE002C5976 /* AFNetworkActivityIndicatorManager.m */,
				BE2C63AF18335BAE002C5976 /* AFNetworking.h */,
				BE2C63B018335BAE002C5976 /* AFPropertyListRequestOperation.h */,
				BE2C63B118335BAE002C5976 /* AFPropertyListRequestOperation.m */,
				BE2C63B218335BAE002C5976 /* AFURLConnectionOperation.h */,
				BE2C63B318335BAE002C5976 /* AFURLConnectionOperation.m */,
				BE2C63B418335BAE002C5976 /* AFXMLRequestOperation.h */,
				BE2C63B518335BAE002C5976 /* AFXMLRequestOperation.m */,
				BE2C63B618335BAE002C5976 /* UIImageView+AFNetworking.h */,
				BE2C63B718335BAE002C5976 /* UIImageView+AFNetworking.m */,
			);
			path = AFNetworking;
			sourceTree = "<group>";
		};
		BE2C63C118335C13002C5976 /* FindPosition */ = {
			isa = PBXGroup;
			children = (
				BE2C63C618335C44002C5976 /* ARFindPosition.h */,
				BE2C63C718335C44002C5976 /* ARFindPosition.m */,
			);
			path = FindPosition;
			sourceTree = "<group>";
		};
		BE2C63C218335C1E002C5976 /* Network */ = {
			isa = PBXGroup;
			children = (
				BE2C63C318335C35002C5976 /* ARNetworkManagment.h */,
				BE2C63C418335C35002C5976 /* ARNetworkManagment.m */,
			);
			path = Network;
			sourceTree = "<group>";
		};
		BEB5CB701834321A00BA907F /* MNCalendarView */ = {
			isa = PBXGroup;
			children = (
				BEB5CB711834321A00BA907F /* MNCalendarHeaderView.h */,
				BEB5CB721834321A00BA907F /* MNCalendarHeaderView.m */,
				BEB5CB731834321A00BA907F /* MNCalendarView-Prefix.pch */,
				BEB5CB741834321A00BA907F /* MNCalendarView.h */,
				BEB5CB751834321A00BA907F /* MNCalendarView.m */,
				BEB5CB761834321A00BA907F /* MNCalendarViewCell.h */,
				BEB5CB771834321A00BA907F /* MNCalendarViewCell.m */,
				BEB5CB781834321A00BA907F /* MNCalendarViewDayCell.h */,
				BEB5CB791834321A00BA907F /* MNCalendarViewDayCell.m */,
				BEB5CB7A1834321A00BA907F /* MNCalendarViewLayout.h */,
				BEB5CB7B1834321A00BA907F /* MNCalendarViewLayout.m */,
				BEB5CB7C1834321A00BA907F /* MNCalendarViewWeekdayCell.h */,
				BEB5CB7D1834321A00BA907F /* MNCalendarViewWeekdayCell.m */,
				BEB5CB7E1834321A00BA907F /* MNFastDateEnumeration.h */,
				BEB5CB7F1834321A00BA907F /* MNFastDateEnumeration.m */,
				BEB5CB801834321A00BA907F /* NSDate+MNAdditions.h */,
				BEB5CB811834321A00BA907F /* NSDate+MNAdditions.m */,
			);
			path = MNCalendarView;
			sourceTree = "<group>";
		};
		BEC49D721832C2A000BA941F = {
			isa = PBXGroup;
			children = (
				BEC49D841832C2A000BA941F /* ARRoutePlan */,
				BEC49DA31832C2A100BA941F /* ARRoutePlanTests */,
				BEC49D7D1832C2A000BA941F /* Frameworks */,
				BEC49D7C1832C2A000BA941F /* Products */,
			);
			sourceTree = "<group>";
		};
		BEC49D7C1832C2A000BA941F /* Products */ = {
			isa = PBXGroup;
			children = (
				BEC49D7B1832C2A000BA941F /* ARRoutePlan.app */,
				BEC49D9C1832C2A100BA941F /* ARRoutePlanTests.xctest */,
			);
			name = Products;
			sourceTree = "<group>";
		};
		BEC49D7D1832C2A000BA941F /* Frameworks */ = {
			isa = PBXGroup;
			children = (
				BEC49D7E1832C2A000BA941F /* Foundation.framework */,
				BEC49D801832C2A000BA941F /* CoreGraphics.framework */,
				BEC49D821832C2A000BA941F /* UIKit.framework */,
				BEC49D9D1832C2A100BA941F /* XCTest.framework */,
			);
			name = Frameworks;
			sourceTree = "<group>";
		};
		BEC49D841832C2A000BA941F /* ARRoutePlan */ = {
			isa = PBXGroup;
			children = (
				BEC49DB31832CAD800BA941F /* Classes */,
				BEC49D8D1832C2A100BA941F /* ARAppDelegate.h */,
				BEC49D8E1832C2A100BA941F /* ARAppDelegate.m */,
				BEC49D901832C2A100BA941F /* Main.storyboard */,
				BEC49D931832C2A100BA941F /* ARViewController.h */,
				BEC49D941832C2A100BA941F /* ARViewController.m */,
				BEC49D961832C2A100BA941F /* Images.xcassets */,
				BEC49D851832C2A000BA941F /* Supporting Files */,
			);
			path = ARRoutePlan;
			sourceTree = "<group>";
		};
		BEC49D851832C2A000BA941F /* Supporting Files */ = {
			isa = PBXGroup;
			children = (
				BEC49D861832C2A000BA941F /* ARRoutePlan-Info.plist */,
				BEC49D871832C2A000BA941F /* InfoPlist.strings */,
				BEC49D8A1832C2A100BA941F /* main.m */,
				BEC49D8C1832C2A100BA941F /* ARRoutePlan-Prefix.pch */,
			);
			name = "Supporting Files";
			sourceTree = "<group>";
		};
		BEC49DA31832C2A100BA941F /* ARRoutePlanTests */ = {
			isa = PBXGroup;
			children = (
				BEC49DA91832C2A100BA941F /* ARRoutePlanTests.m */,
				BEC49DA41832C2A100BA941F /* Supporting Files */,
			);
			path = ARRoutePlanTests;
			sourceTree = "<group>";
		};
		BEC49DA41832C2A100BA941F /* Supporting Files */ = {
			isa = PBXGroup;
			children = (
				BEC49DA51832C2A100BA941F /* ARRoutePlanTests-Info.plist */,
				BEC49DA61832C2A100BA941F /* InfoPlist.strings */,
			);
			name = "Supporting Files";
			sourceTree = "<group>";
		};
		BEC49DB31832CAD800BA941F /* Classes */ = {
			isa = PBXGroup;
			children = (
				BE2C63C218335C1E002C5976 /* Network */,
				BE2C63C118335C13002C5976 /* FindPosition */,
				BEC49DC81832DFFF00BA941F /* Tools */,
				BEC49DB41832CAD800BA941F /* Calendar */,
				BEC49DB51832CAD800BA941F /* MenuCells */,
				BEC49DB61832CAD800BA941F /* SearchTrip */,
				BE801DF91837E1110029173E /* ARPosition.h */,
				BE801DFA1837E1110029173E /* ARPosition.m */,
			);
			path = Classes;
			sourceTree = "<group>";
		};
		BEC49DB41832CAD800BA941F /* Calendar */ = {
			isa = PBXGroup;
			children = (
				BEB5CB8A1834324200BA907F /* ARCalendarViewController.h */,
				BEB5CB8B1834324200BA907F /* ARCalendarViewController.m */,
			);
			path = Calendar;
			sourceTree = "<group>";
		};
		BEC49DB51832CAD800BA941F /* MenuCells */ = {
			isa = PBXGroup;
			children = (
				BEC49DBE1832CB4300BA941F /* ARLocationCell.h */,
				BEC49DBF1832CB4300BA941F /* ARLocationCell.m */,
				BEC49DC11832CB5300BA941F /* ARDateCell.h */,
				BEC49DC21832CB5300BA941F /* ARDateCell.m */,
			);
			path = MenuCells;
			sourceTree = "<group>";
		};
		BEC49DB61832CAD800BA941F /* SearchTrip */ = {
			isa = PBXGroup;
			children = (
				BEC49DC41832DA6D00BA941F /* SearchBar */,
				BEC49DB81832CAFC00BA941F /* ARSearchViewController.h */,
				BEC49DB91832CAFC00BA941F /* ARSearchViewController.m */,
			);
			path = SearchTrip;
			sourceTree = "<group>";
		};
		BEC49DC41832DA6D00BA941F /* SearchBar */ = {
			isa = PBXGroup;
			children = (
				BEC49DC51832DA7D00BA941F /* ARSearchBar.h */,
				BEC49DC61832DA7D00BA941F /* ARSearchBar.m */,
			);
			path = SearchBar;
			sourceTree = "<group>";
		};
		BEC49DC81832DFFF00BA941F /* Tools */ = {
			isa = PBXGroup;
			children = (
				BEADF6A41834C08800EAD955 /* MBProgressHUD.h */,
				BEADF6A51834C08800EAD955 /* MBProgressHUD.m */,
				BEB5CB701834321A00BA907F /* MNCalendarView */,
				BEAF49AF183372430008EDDC /* NSString+Extra.h */,
				BEAF49B0183372430008EDDC /* NSString+Extra.m */,
				BE2C63A418335BAE002C5976 /* AFNetworking */,
				BEC49DC91832E09100BA941F /* UIControl+MTControl.h */,
				BEC49DCA1832E09100BA941F /* UIControl+MTControl.m */,
			);
			path = Tools;
			sourceTree = "<group>";
		};
/* End PBXGroup section */

/* Begin PBXNativeTarget section */
		BEC49D7A1832C2A000BA941F /* ARRoutePlan */ = {
			isa = PBXNativeTarget;
			buildConfigurationList = BEC49DAD1832C2A100BA941F /* Build configuration list for PBXNativeTarget "ARRoutePlan" */;
			buildPhases = (
				BEC49D771832C2A000BA941F /* Sources */,
				BEC49D781832C2A000BA941F /* Frameworks */,
				BEC49D791832C2A000BA941F /* Resources */,
			);
			buildRules = (
			);
			dependencies = (
			);
			name = ARRoutePlan;
			productName = ARRoutePlan;
			productReference = BEC49D7B1832C2A000BA941F /* ARRoutePlan.app */;
			productType = "com.apple.product-type.application";
		};
		BEC49D9B1832C2A100BA941F /* ARRoutePlanTests */ = {
			isa = PBXNativeTarget;
			buildConfigurationList = BEC49DB01832C2A100BA941F /* Build configuration list for PBXNativeTarget "ARRoutePlanTests" */;
			buildPhases = (
				BEC49D981832C2A100BA941F /* Sources */,
				BEC49D991832C2A100BA941F /* Frameworks */,
				BEC49D9A1832C2A100BA941F /* Resources */,
			);
			buildRules = (
			);
			dependencies = (
				BEC49DA21832C2A100BA941F /* PBXTargetDependency */,
			);
			name = ARRoutePlanTests;
			productName = ARRoutePlanTests;
			productReference = BEC49D9C1832C2A100BA941F /* ARRoutePlanTests.xctest */;
			productType = "com.apple.product-type.bundle.unit-test";
		};
/* End PBXNativeTarget section */

/* Begin PBXProject section */
		BEC49D731832C2A000BA941F /* Project object */ = {
			isa = PBXProject;
			attributes = {
				CLASSPREFIX = AR;
				LastUpgradeCheck = 0510;
				ORGANIZATIONNAME = "Alessio Roberto";
				TargetAttributes = {
					BEC49D9B1832C2A100BA941F = {
						TestTargetID = BEC49D7A1832C2A000BA941F;
					};
				};
			};
			buildConfigurationList = BEC49D761832C2A000BA941F /* Build configuration list for PBXProject "ARRoutePlan" */;
			compatibilityVersion = "Xcode 3.2";
			developmentRegion = English;
			hasScannedForEncodings = 0;
			knownRegions = (
				en,
				Base,
			);
			mainGroup = BEC49D721832C2A000BA941F;
			productRefGroup = BEC49D7C1832C2A000BA941F /* Products */;
			projectDirPath = "";
			projectRoot = "";
			targets = (
				BEC49D7A1832C2A000BA941F /* ARRoutePlan */,
				BEC49D9B1832C2A100BA941F /* ARRoutePlanTests */,
			);
		};
/* End PBXProject section */

/* Begin PBXResourcesBuildPhase section */
		BEC49D791832C2A000BA941F /* Resources */ = {
			isa = PBXResourcesBuildPhase;
			buildActionMask = 2147483647;
			files = (
				BEC49D971832C2A100BA941F /* Images.xcassets in Resources */,
				BEC49D891832C2A000BA941F /* InfoPlist.strings in Resources */,
				BEC49D921832C2A100BA941F /* Main.storyboard in Resources */,
			);
			runOnlyForDeploymentPostprocessing = 0;
		};
		BEC49D9A1832C2A100BA941F /* Resources */ = {
			isa = PBXResourcesBuildPhase;
			buildActionMask = 2147483647;
			files = (
				BEC49DA81832C2A100BA941F /* InfoPlist.strings in Resources */,
			);
			runOnlyForDeploymentPostprocessing = 0;
		};
/* End PBXResourcesBuildPhase section */

/* Begin PBXSourcesBuildPhase section */
		BEC49D771832C2A000BA941F /* Sources */ = {
			isa = PBXSourcesBuildPhase;
			buildActionMask = 2147483647;
			files = (
				BEC49D8B1832C2A100BA941F /* main.m in Sources */,
				BE2C63C018335BAE002C5976 /* UIImageView+AFNetworking.m in Sources */,
				BEC49DC01832CB4300BA941F /* ARLocationCell.m in Sources */,
				BE2C63BB18335BAE002C5976 /* AFJSONRequestOperation.m in Sources */,
				BE2C63B918335BAE002C5976 /* AFHTTPRequestOperation.m in Sources */,
				BE2C63BF18335BAE002C5976 /* AFXMLRequestOperation.m in Sources */,
				BE801DFB1837E1110029173E /* ARPosition.m in Sources */,
				BE2C63BE18335BAE002C5976 /* AFURLConnectionOperation.m in Sources */,
				BEADF6A61834C08800EAD955 /* MBProgressHUD.m in Sources */,
				BE2C63BA18335BAE002C5976 /* AFImageRequestOperation.m in Sources */,
				BE2C63B818335BAE002C5976 /* AFHTTPClient.m in Sources */,
				BEB5CB841834321A00BA907F /* MNCalendarViewCell.m in Sources */,
				BEC49D951832C2A100BA941F /* ARViewController.m in Sources */,
				BEC49DC31832CB5300BA941F /* ARDateCell.m in Sources */,
				BE2C63BD18335BAE002C5976 /* AFPropertyListRequestOperation.m in Sources */,
				BEC49D8F1832C2A100BA941F /* ARAppDelegate.m in Sources */,
				BEB5CB821834321A00BA907F /* MNCalendarHeaderView.m in Sources */,
				BE2C63BC18335BAE002C5976 /* AFNetworkActivityIndicatorManager.m in Sources */,
				BEB5CB851834321A00BA907F /* MNCalendarViewDayCell.m in Sources */,
				BEAF49B1183372430008EDDC /* NSString+Extra.m in Sources */,
				BE2C63C518335C35002C5976 /* ARNetworkManagment.m in Sources */,
				BEC49DBA1832CAFC00BA941F /* ARSearchViewController.m in Sources */,
				BEB5CB871834321A00BA907F /* MNCalendarViewWeekdayCell.m in Sources */,
				BEB5CB8C1834324200BA907F /* ARCalendarViewController.m in Sources */,
				BEB5CB861834321A00BA907F /* MNCalendarViewLayout.m in Sources */,
				BEC49DC71832DA7D00BA941F /* ARSearchBar.m in Sources */,
				BEC49DCB1832E09100BA941F /* UIControl+MTControl.m in Sources */,
				BEB5CB881834321A00BA907F /* MNFastDateEnumeration.m in Sources */,
				BE2C63C818335C44002C5976 /* ARFindPosition.m in Sources */,
				BEB5CB831834321A00BA907F /* MNCalendarView.m in Sources */,
				BEB5CB891834321A00BA907F /* NSDate+MNAdditions.m in Sources */,
			);
			runOnlyForDeploymentPostprocessing = 0;
		};
		BEC49D981832C2A100BA941F /* Sources */ = {
			isa = PBXSourcesBuildPhase;
			buildActionMask = 2147483647;
			files = (
				BE5E378718D303180031AC64 /* ARFindPosition.m in Sources */,
				BE5E378618D303130031AC64 /* ARNetworkManagment.m in Sources */,
				BEC49DAA1832C2A100BA941F /* ARRoutePlanTests.m in Sources */,
			);
			runOnlyForDeploymentPostprocessing = 0;
		};
/* End PBXSourcesBuildPhase section */

/* Begin PBXTargetDependency section */
		BEC49DA21832C2A100BA941F /* PBXTargetDependency */ = {
			isa = PBXTargetDependency;
			target = BEC49D7A1832C2A000BA941F /* ARRoutePlan */;
			targetProxy = BEC49DA11832C2A100BA941F /* PBXContainerItemProxy */;
		};
/* End PBXTargetDependency section */

/* Begin PBXVariantGroup section */
		BEC49D871832C2A000BA941F /* InfoPlist.strings */ = {
			isa = PBXVariantGroup;
			children = (
				BEC49D881832C2A000BA941F /* en */,
			);
			name = InfoPlist.strings;
			sourceTree = "<group>";
		};
		BEC49D901832C2A100BA941F /* Main.storyboard */ = {
			isa = PBXVariantGroup;
			children = (
				BEC49D911832C2A100BA941F /* Base */,
			);
			name = Main.storyboard;
			sourceTree = "<group>";
		};
		BEC49DA61832C2A100BA941F /* InfoPlist.strings */ = {
			isa = PBXVariantGroup;
			children = (
				BEC49DA71832C2A100BA941F /* en */,
			);
			name = InfoPlist.strings;
			sourceTree = "<group>";
		};
/* End PBXVariantGroup section */

/* Begin XCBuildConfiguration section */
		BEC49DAB1832C2A100BA941F /* Debug */ = {
			isa = XCBuildConfiguration;
			buildSettings = {
				ALWAYS_SEARCH_USER_PATHS = NO;
				CLANG_CXX_LANGUAGE_STANDARD = "gnu++0x";
				CLANG_CXX_LIBRARY = "libc++";
				CLANG_ENABLE_MODULES = YES;
				CLANG_ENABLE_OBJC_ARC = YES;
				CLANG_WARN_BOOL_CONVERSION = YES;
				CLANG_WARN_CONSTANT_CONVERSION = YES;
				CLANG_WARN_DIRECT_OBJC_ISA_USAGE = YES_ERROR;
				CLANG_WARN_EMPTY_BODY = YES;
				CLANG_WARN_ENUM_CONVERSION = YES;
				CLANG_WARN_INT_CONVERSION = YES;
				CLANG_WARN_OBJC_ROOT_CLASS = YES_ERROR;
				CLANG_WARN__DUPLICATE_METHOD_MATCH = YES;
				"CODE_SIGN_IDENTITY[sdk=iphoneos*]" = "iPhone Developer";
				COPY_PHASE_STRIP = NO;
				GCC_C_LANGUAGE_STANDARD = gnu99;
				GCC_DYNAMIC_NO_PIC = NO;
				GCC_OPTIMIZATION_LEVEL = 0;
				GCC_PREPROCESSOR_DEFINITIONS = (
					"DEBUG=1",
					"$(inherited)",
				);
				GCC_SYMBOLS_PRIVATE_EXTERN = NO;
				GCC_WARN_64_TO_32_BIT_CONVERSION = YES;
				GCC_WARN_ABOUT_RETURN_TYPE = YES_ERROR;
				GCC_WARN_UNDECLARED_SELECTOR = YES;
				GCC_WARN_UNINITIALIZED_AUTOS = YES;
				GCC_WARN_UNUSED_FUNCTION = YES;
				GCC_WARN_UNUSED_VARIABLE = YES;
				IPHONEOS_DEPLOYMENT_TARGET = 7.0;
				ONLY_ACTIVE_ARCH = YES;
				SDKROOT = iphoneos;
			};
			name = Debug;
		};
		BEC49DAC1832C2A100BA941F /* Release */ = {
			isa = XCBuildConfiguration;
			buildSettings = {
				ALWAYS_SEARCH_USER_PATHS = NO;
				CLANG_CXX_LANGUAGE_STANDARD = "gnu++0x";
				CLANG_CXX_LIBRARY = "libc++";
				CLANG_ENABLE_MODULES = YES;
				CLANG_ENABLE_OBJC_ARC = YES;
				CLANG_WARN_BOOL_CONVERSION = YES;
				CLANG_WARN_CONSTANT_CONVERSION = YES;
				CLANG_WARN_DIRECT_OBJC_ISA_USAGE = YES_ERROR;
				CLANG_WARN_EMPTY_BODY = YES;
				CLANG_WARN_ENUM_CONVERSION = YES;
				CLANG_WARN_INT_CONVERSION = YES;
				CLANG_WARN_OBJC_ROOT_CLASS = YES_ERROR;
				CLANG_WARN__DUPLICATE_METHOD_MATCH = YES;
				"CODE_SIGN_IDENTITY[sdk=iphoneos*]" = "iPhone Developer";
				COPY_PHASE_STRIP = YES;
				ENABLE_NS_ASSERTIONS = NO;
				GCC_C_LANGUAGE_STANDARD = gnu99;
				GCC_WARN_64_TO_32_BIT_CONVERSION = YES;
				GCC_WARN_ABOUT_RETURN_TYPE = YES_ERROR;
				GCC_WARN_UNDECLARED_SELECTOR = YES;
				GCC_WARN_UNINITIALIZED_AUTOS = YES;
				GCC_WARN_UNUSED_FUNCTION = YES;
				GCC_WARN_UNUSED_VARIABLE = YES;
				IPHONEOS_DEPLOYMENT_TARGET = 7.0;
				SDKROOT = iphoneos;
				VALIDATE_PRODUCT = YES;
			};
			name = Release;
		};
		BEC49DAE1832C2A100BA941F /* Debug */ = {
			isa = XCBuildConfiguration;
			buildSettings = {
				ASSETCATALOG_COMPILER_APPICON_NAME = AppIcon;
				ASSETCATALOG_COMPILER_LAUNCHIMAGE_NAME = LaunchImage;
				GCC_PRECOMPILE_PREFIX_HEADER = YES;
				GCC_PREFIX_HEADER = "ARRoutePlan/ARRoutePlan-Prefix.pch";
				INFOPLIST_FILE = "ARRoutePlan/ARRoutePlan-Info.plist";
				PRODUCT_NAME = "$(TARGET_NAME)";
				WRAPPER_EXTENSION = app;
			};
			name = Debug;
		};
		BEC49DAF1832C2A100BA941F /* Release */ = {
			isa = XCBuildConfiguration;
			buildSettings = {
				ASSETCATALOG_COMPILER_APPICON_NAME = AppIcon;
				ASSETCATALOG_COMPILER_LAUNCHIMAGE_NAME = LaunchImage;
				GCC_PRECOMPILE_PREFIX_HEADER = YES;
				GCC_PREFIX_HEADER = "ARRoutePlan/ARRoutePlan-Prefix.pch";
				INFOPLIST_FILE = "ARRoutePlan/ARRoutePlan-Info.plist";
				PRODUCT_NAME = "$(TARGET_NAME)";
				WRAPPER_EXTENSION = app;
			};
			name = Release;
		};
		BEC49DB11832C2A100BA941F /* Debug */ = {
			isa = XCBuildConfiguration;
			buildSettings = {
				BUNDLE_LOADER = "$(BUILT_PRODUCTS_DIR)/ARRoutePlan.app/ARRoutePlan";
				FRAMEWORK_SEARCH_PATHS = (
					"$(SDKROOT)/Developer/Library/Frameworks",
					"$(inherited)",
					"$(DEVELOPER_FRAMEWORKS_DIR)",
				);
				GCC_PRECOMPILE_PREFIX_HEADER = YES;
				GCC_PREFIX_HEADER = "ARRoutePlan/ARRoutePlan-Prefix.pch";
				GCC_PREPROCESSOR_DEFINITIONS = (
					"DEBUG=1",
					"$(inherited)",
				);
				INFOPLIST_FILE = "ARRoutePlanTests/ARRoutePlanTests-Info.plist";
				PRODUCT_NAME = "$(TARGET_NAME)";
				TEST_HOST = "$(BUNDLE_LOADER)";
				WRAPPER_EXTENSION = xctest;
			};
			name = Debug;
		};
		BEC49DB21832C2A100BA941F /* Release */ = {
			isa = XCBuildConfiguration;
			buildSettings = {
				BUNDLE_LOADER = "$(BUILT_PRODUCTS_DIR)/ARRoutePlan.app/ARRoutePlan";
				FRAMEWORK_SEARCH_PATHS = (
					"$(SDKROOT)/Developer/Library/Frameworks",
					"$(inherited)",
					"$(DEVELOPER_FRAMEWORKS_DIR)",
				);
				GCC_PRECOMPILE_PREFIX_HEADER = YES;
				GCC_PREFIX_HEADER = "ARRoutePlan/ARRoutePlan-Prefix.pch";
				INFOPLIST_FILE = "ARRoutePlanTests/ARRoutePlanTests-Info.plist";
				PRODUCT_NAME = "$(TARGET_NAME)";
				TEST_HOST = "$(BUNDLE_LOADER)";
				WRAPPER_EXTENSION = xctest;
			};
			name = Release;
		};
/* End XCBuildConfiguration section */

/* Begin XCConfigurationList section */
		BEC49D761832C2A000BA941F /* Build configuration list for PBXProject "ARRoutePlan" */ = {
			isa = XCConfigurationList;
			buildConfigurations = (
				BEC49DAB1832C2A100BA941F /* Debug */,
				BEC49DAC1832C2A100BA941F /* Release */,
			);
			defaultConfigurationIsVisible = 0;
			defaultConfigurationName = Release;
		};
		BEC49DAD1832C2A100BA941F /* Build configuration list for PBXNativeTarget "ARRoutePlan" */ = {
			isa = XCConfigurationList;
			buildConfigurations = (
				BEC49DAE1832C2A100BA941F /* Debug */,
				BEC49DAF1832C2A100BA941F /* Release */,
			);
			defaultConfigurationIsVisible = 0;
			defaultConfigurationName = Release;
		};
		BEC49DB01832C2A100BA941F /* Build configuration list for PBXNativeTarget "ARRoutePlanTests" */ = {
			isa = XCConfigurationList;
			buildConfigurations = (
				BEC49DB11832C2A100BA941F /* Debug */,
				BEC49DB21832C2A100BA941F /* Release */,
			);
			defaultConfigurationIsVisible = 0;
			defaultConfigurationName = Release;
		};
/* End XCConfigurationList section */
	};
	rootObject = BEC49D731832C2A000BA941F /* Project object */;
}
